<?xml version="1.0" encoding="utf-8"?>
<Project ToolsVersion="4.0" xmlns="http://schemas.microsoft.com/developer/msbuild/2003">
  <ItemGroup>
    <Filter Include="Source">
      <UniqueIdentifier>{643499cc-9788-4363-aebe-b3029b122cb8}</UniqueIdentifier>
    </Filter>
    <Filter Include="Headers">
      <UniqueIdentifier>{0c54b5b1-ad25-4ae8-aa0b-19272c63fdc3}</UniqueIdentifier>
    </Filter>
  </ItemGroup>
  <ItemGroup>
    <ClCompile Include="example.cpp">
      <Filter>Source</Filter>
    </ClCompile>
    <ClCompile Include="Point.cpp">
      <Filter>Source</Filter>
    </ClCompile>
  </ItemGroup>
  <ItemGroup>
    <ClInclude Include="Point.h">
      <Filter>Headers</Filter>
    </ClInclude>
  </ItemGroup>
</Project>